
Microsoft Visual Studio Solution File, Format Version 12.00
# Visual Studio 2012
Project("{FAE04EC0-301F-11D3-BF4B-00C04F79EFBC}") = "WindowsFormsApplication9", "WindowsFormsApplication9\WindowsFormsApplication9.csproj", "{F6FFB6F1-B9F0-4AEE-97C0-66AD4A4D0172}"
EndProject
Global
	GlobalSection(SolutionConfigurationPlatforms) = preSolution
		Debug|Any CPU = Debug|Any CPU
		Release|Any CPU = Release|Any CPU
	EndGlobalSection
	GlobalSection(ProjectConfigurationPlatforms) = postSolution
		{F6FFB6F1-B9F0-4AEE-97C0-66AD4A4D0172}.Debug|Any CPU.ActiveCfg = Debug|Any CPU
		{F6FFB6F1-B9F0-4AEE-97C0-66AD4A4D0172}.Debug|Any CPU.Build.0 = Debug|Any CPU
		{F6FFB6F1-B9F0-4AEE-97C0-66AD4A4D0172}.Release|Any CPU.ActiveCfg = Release|Any CPU
		{F6FFB6F1-B9F0-4AEE-97C0-66AD4A4D0172}.Release|Any CPU.Build.0 = Release|Any CPU
	EndGlobalSection
	GlobalSection(SolutionProperties) = preSolution
		HideSolutionNode = FALSE
	EndGlobalSection
EndGlobal
